
Microsoft Visual Studio Solution File, Format Version 12.00
# Visual Studio 15
VisualStudioVersion = 15.0.28307.1705
MinimumVisualStudioVersion = 10.0.40219.1
Project("{FAE04EC0-301F-11D3-BF4B-00C04F79EFBC}") = "_1Monday", "_1Monday\_1Monday.csproj", "{D85C3F5D-2CBD-4E6A-ABC1-9F6590D2754A}"
EndProject
Project("{FAE04EC0-301F-11D3-BF4B-00C04F79EFBC}") = "SignaturesLibrary", "SignaturesLibrary\SignaturesLibrary.csproj", "{48DE592E-6822-4FA2-B1B4-6288950A9289}"
EndProject
Project("{FAE04EC0-301F-11D3-BF4B-00C04F79EFBC}") = "CSF1Homework", "CSF1Homework\CSF1Homework.csproj", "{FBCD6D3D-11FE-47D4-A2B4-CB0700D1B539}"
EndProject
Project("{FAE04EC0-301F-11D3-BF4B-00C04F79EFBC}") = "DungeonApplication", "DungeonApplication\DungeonApplication.csproj", "{6C427F78-E9AC-496F-A4E4-F413F70D7D13}"
EndProject
Project("{FAE04EC0-301F-11D3-BF4B-00C04F79EFBC}") = "_2Tuesday", "_2Tuesday\_2Tuesday.csproj", "{131F25E3-F7C3-4950-9DC5-102967C9B0C2}"
EndProject
Project("{FAE04EC0-301F-11D3-BF4B-00C04F79EFBC}") = "Charity", "Charity\Charity.csproj", "{077E060B-0527-42B4-B2FB-FC46C442BEA8}"
EndProject
Project("{FAE04EC0-301F-11D3-BF4B-00C04F79EFBC}") = "_3Wendsday", "_3Wendsday\_3Wendsday.csproj", "{B880CD92-CA6D-4009-9429-6E6C434F4ED0}"
EndProject
Project("{FAE04EC0-301F-11D3-BF4B-00C04F79EFBC}") = "DungeonLibrary", "DungeonLibrary\DungeonLibrary.csproj", "{6A316FD0-28AF-4276-A6F5-9300977820F4}"
EndProject
Global
	GlobalSection(SolutionConfigurationPlatforms) = preSolution
		Debug|Any CPU = Debug|Any CPU
		Release|Any CPU = Release|Any CPU
	EndGlobalSection
	GlobalSection(ProjectConfigurationPlatforms) = postSolution
		{D85C3F5D-2CBD-4E6A-ABC1-9F6590D2754A}.Debug|Any CPU.ActiveCfg = Debug|Any CPU
		{D85C3F5D-2CBD-4E6A-ABC1-9F6590D2754A}.Debug|Any CPU.Build.0 = Debug|Any CPU
		{D85C3F5D-2CBD-4E6A-ABC1-9F6590D2754A}.Release|Any CPU.ActiveCfg = Release|Any CPU
		{D85C3F5D-2CBD-4E6A-ABC1-9F6590D2754A}.Release|Any CPU.Build.0 = Release|Any CPU
		{48DE592E-6822-4FA2-B1B4-6288950A9289}.Debug|Any CPU.ActiveCfg = Debug|Any CPU
		{48DE592E-6822-4FA2-B1B4-6288950A9289}.Debug|Any CPU.Build.0 = Debug|Any CPU
		{48DE592E-6822-4FA2-B1B4-6288950A9289}.Release|Any CPU.ActiveCfg = Release|Any CPU
		{48DE592E-6822-4FA2-B1B4-6288950A9289}.Release|Any CPU.Build.0 = Release|Any CPU
		{FBCD6D3D-11FE-47D4-A2B4-CB0700D1B539}.Debug|Any CPU.ActiveCfg = Debug|Any CPU
		{FBCD6D3D-11FE-47D4-A2B4-CB0700D1B539}.Debug|Any CPU.Build.0 = Debug|Any CPU
		{FBCD6D3D-11FE-47D4-A2B4-CB0700D1B539}.Release|Any CPU.ActiveCfg = Release|Any CPU
		{FBCD6D3D-11FE-47D4-A2B4-CB0700D1B539}.Release|Any CPU.Build.0 = Release|Any CPU
		{6C427F78-E9AC-496F-A4E4-F413F70D7D13}.Debug|Any CPU.ActiveCfg = Debug|Any CPU
		{6C427F78-E9AC-496F-A4E4-F413F70D7D13}.Debug|Any CPU.Build.0 = Debug|Any CPU
		{6C427F78-E9AC-496F-A4E4-F413F70D7D13}.Release|Any CPU.ActiveCfg = Release|Any CPU
		{6C427F78-E9AC-496F-A4E4-F413F70D7D13}.Release|Any CPU.Build.0 = Release|Any CPU
		{131F25E3-F7C3-4950-9DC5-102967C9B0C2}.Debug|Any CPU.ActiveCfg = Debug|Any CPU
		{131F25E3-F7C3-4950-9DC5-102967C9B0C2}.Debug|Any CPU.Build.0 = Debug|Any CPU
		{131F25E3-F7C3-4950-9DC5-102967C9B0C2}.Release|Any CPU.ActiveCfg = Release|Any CPU
		{131F25E3-F7C3-4950-9DC5-102967C9B0C2}.Release|Any CPU.Build.0 = Release|Any CPU
		{077E060B-0527-42B4-B2FB-FC46C442BEA8}.Debug|Any CPU.ActiveCfg = Debug|Any CPU
		{077E060B-0527-42B4-B2FB-FC46C442BEA8}.Debug|Any CPU.Build.0 = Debug|Any CPU
		{077E060B-0527-42B4-B2FB-FC46C442BEA8}.Release|Any CPU.ActiveCfg = Release|Any CPU
		{077E060B-0527-42B4-B2FB-FC46C442BEA8}.Release|Any CPU.Build.0 = Release|Any CPU
		{B880CD92-CA6D-4009-9429-6E6C434F4ED0}.Debug|Any CPU.ActiveCfg = Debug|Any CPU
		{B880CD92-CA6D-4009-9429-6E6C434F4ED0}.Debug|Any CPU.Build.0 = Debug|Any CPU
		{B880CD92-CA6D-4009-9429-6E6C434F4ED0}.Release|Any CPU.ActiveCfg = Release|Any CPU
		{B880CD92-CA6D-4009-9429-6E6C434F4ED0}.Release|Any CPU.Build.0 = Release|Any CPU
		{6A316FD0-28AF-4276-A6F5-9300977820F4}.Debug|Any CPU.ActiveCfg = Debug|Any CPU
		{6A316FD0-28AF-4276-A6F5-9300977820F4}.Debug|Any CPU.Build.0 = Debug|Any CPU
		{6A316FD0-28AF-4276-A6F5-9300977820F4}.Release|Any CPU.ActiveCfg = Release|Any CPU
		{6A316FD0-28AF-4276-A6F5-9300977820F4}.Release|Any CPU.Build.0 = Release|Any CPU
	EndGlobalSection
	GlobalSection(SolutionProperties) = preSolution
		HideSolutionNode = FALSE
	EndGlobalSection
	GlobalSection(ExtensibilityGlobals) = postSolution
		SolutionGuid = {7838F2FE-5DEE-44B7-A1CB-CF0DBC5F98B3}
	EndGlobalSection
EndGlobal
