
Microsoft Visual Studio Solution File, Format Version 12.00
# Visual Studio 15
VisualStudioVersion = 15.0.28307.1738
MinimumVisualStudioVersion = 10.0.40219.1
Project("{FAE04EC0-301F-11D3-BF4B-00C04F79EFBC}") = "DungeonApp", "Projects\03-CSF2\DungeonApp\DungeonApp.csproj", "{403D5E7B-FEDA-44BA-A721-A70A49497489}"
EndProject
Global
	GlobalSection(SolutionConfigurationPlatforms) = preSolution
		Debug|Any CPU = Debug|Any CPU
		Release|Any CPU = Release|Any CPU
	EndGlobalSection
	GlobalSection(ProjectConfigurationPlatforms) = postSolution
		{403D5E7B-FEDA-44BA-A721-A70A49497489}.Debug|Any CPU.ActiveCfg = Debug|Any CPU
		{403D5E7B-FEDA-44BA-A721-A70A49497489}.Debug|Any CPU.Build.0 = Debug|Any CPU
		{403D5E7B-FEDA-44BA-A721-A70A49497489}.Release|Any CPU.ActiveCfg = Release|Any CPU
		{403D5E7B-FEDA-44BA-A721-A70A49497489}.Release|Any CPU.Build.0 = Release|Any CPU
	EndGlobalSection
	GlobalSection(SolutionProperties) = preSolution
		HideSolutionNode = FALSE
	EndGlobalSection
	GlobalSection(ExtensibilityGlobals) = postSolution
		SolutionGuid = {D70CE687-F90E-4B4B-AC40-5D297F33E4CD}
	EndGlobalSection
EndGlobal
